
Microsoft Visual Studio Solution File, Format Version 12.00
# Visual Studio Version 17
VisualStudioVersion = 17.5.002.0
MinimumVisualStudioVersion = 10.0.40219.1
Project("{9A19103F-16F7-4668-BE54-9A1E7A4F7556}") = "SiemensTools", "SiemensTools\SiemensTools.csproj", "{3CE64547-FB0E-438B-B6F9-BC17779BA763}"
EndProject
Project("{FAE04EC0-301F-11D3-BF4B-00C04F79EFBC}") = "UnitTest", "UnitTest\UnitTest.csproj", "{7D598313-BA61-492F-9420-2E788FA94D5A}"
EndProject
Global
	GlobalSection(SolutionConfigurationPlatforms) = preSolution
		Debug|Any CPU = Debug|Any CPU
		Release|Any CPU = Release|Any CPU
	EndGlobalSection
	GlobalSection(ProjectConfigurationPlatforms) = postSolution
		{3CE64547-FB0E-438B-B6F9-BC17779BA763}.Debug|Any CPU.ActiveCfg = Debug|Any CPU
		{3CE64547-FB0E-438B-B6F9-BC17779BA763}.Debug|Any CPU.Build.0 = Debug|Any CPU
		{3CE64547-FB0E-438B-B6F9-BC17779BA763}.Release|Any CPU.ActiveCfg = Release|Any CPU
		{3CE64547-FB0E-438B-B6F9-BC17779BA763}.Release|Any CPU.Build.0 = Release|Any CPU
		{7D598313-BA61-492F-9420-2E788FA94D5A}.Debug|Any CPU.ActiveCfg = Debug|Any CPU
		{7D598313-BA61-492F-9420-2E788FA94D5A}.Debug|Any CPU.Build.0 = Debug|Any CPU
		{7D598313-BA61-492F-9420-2E788FA94D5A}.Release|Any CPU.ActiveCfg = Release|Any CPU
		{7D598313-BA61-492F-9420-2E788FA94D5A}.Release|Any CPU.Build.0 = Release|Any CPU
	EndGlobalSection
	GlobalSection(SolutionProperties) = preSolution
		HideSolutionNode = FALSE
	EndGlobalSection
	GlobalSection(ExtensibilityGlobals) = postSolution
		SolutionGuid = {4A4313D6-82FC-45C7-B4E0-0D0275EAAF7D}
	EndGlobalSection
EndGlobal
